# THIS IS AN AUTOGENERATED FILE. DO NOT EDIT THIS FILE DIRECTLY.
# yarn lockfile v1


"@angular/cdk@~13.3.0":
  version "13.3.4"
  resolved "https://registry.yarnpkg.com/@angular/cdk/-/cdk-13.3.4.tgz#047d3474e1938aa11b4665286bcd09aa4c45424c"
  integrity sha512-im4LKxJaIuqFVzmtf650PoiYsn/SZlvBV2zEgzusK8HwQ24C1Lya7NQSApwl8k43h4eKO1OvUKBjqL5uDgEQag==
  dependencies:
    tslib "^2.3.0"
  optionalDependencies:
    parse5 "^5.0.0"

"@fundamental-ngx/core@^0.33.7":
  version "0.33.7"
  resolved "https://registry.yarnpkg.com/@fundamental-ngx/core/-/core-0.33.7.tgz#54be1543e25ad236a3b6867c352c6457c8dface4"
  integrity sha512-wqekGrvncIwUmu7Ak4bTe99klfK/0xtEiDwin5hHgx9/STdbudz2CNuabnj1BpObiinlDsb5kxq2vyXjo+CKDg==
  dependencies:
    "@sap-theming/theming-base-content" "11.1.38"
    fast-deep-equal "3.1.3"
    focus-trap "6.7.3"
    fundamental-styles v0.21.0-rc.92
    lodash-es "4.17.21"
    tslib "^2.0.0"

"@fundamental-ngx/fn@^0.33.7":
  version "0.33.7"
  resolved "https://registry.yarnpkg.com/@fundamental-ngx/fn/-/fn-0.33.7.tgz#65e0fd3122d228afef18b4bf54a56d000eceb8b3"
  integrity sha512-XDdb/hf6pvJSmEUGI06CBWs7BXgOwzeXwNflOGqVtE8zBMAsYu5M5hGJYHqs7h3Ss/Qy3yl8Fq4ojdZspqotcw==
  dependencies:
    "@fundamental-styles/fn" "0.21.0-rc.31"
    "@sap-theming/theming-base-content" "11.1.38"
    fast-deep-equal "3.1.3"
    focus-trap "6.7.3"
    focus-visible "5.2.0"
    fundamental-styles v0.21.0-rc.92
    lodash-es "4.17.21"
    tslib "^2.0.0"

"@fundamental-styles/fn@0.21.0-rc.31":
  version "0.21.0-rc.31"
  resolved "https://registry.yarnpkg.com/@fundamental-styles/fn/-/fn-0.21.0-rc.31.tgz#40fb469b1e46189ba8bf622a47b83c2ad60815c1"
  integrity sha512-Q88WVp9qd73J1JJphJrBkHfSpB4CcB14fekpKMqRK4NgGgqLHfZiX+JwZivb/tJAaAdwrTqe+mRb+X8hBDYUgw==
  dependencies:
    fundamental-styles "0.21.0-rc.31"

"@sap-theming/theming-base-content@11.1.38":
  version "11.1.38"
  resolved "https://registry.yarnpkg.com/@sap-theming/theming-base-content/-/theming-base-content-11.1.38.tgz#d0a3c86f41602e4ec74544763931363f145d5649"
  integrity sha512-ZecV/NzAkqdYs0IMKKtZ9yhjv2DQdJBuwha/cL466R48KPZnvlYW7/v6Q9toJ+p1bxMIY134+UK3i8Z5HWDV4Q==

fast-deep-equal@3.1.3:
  version "3.1.3"
  resolved "https://registry.yarnpkg.com/fast-deep-equal/-/fast-deep-equal-3.1.3.tgz#3a7d56b559d6cbc3eb512325244e619a65c6c525"
  integrity sha512-f3qQ9oQy9j2AhBe/H9VC91wLmKBCCU/gDOnKNAYG5hswO7BLKj09Hc5HYNz9cGI++xlpDCIgDaitVs03ATR84Q==

focus-trap@6.7.3:
  version "6.7.3"
  resolved "https://registry.yarnpkg.com/focus-trap/-/focus-trap-6.7.3.tgz#b5dc195b49c90001f08a63134471d1e6dd381ddd"
  integrity sha512-8xCEKndV4KrseGhFKKKmczVA14yx1/hnmFICPOjcFjToxCJYj/NHH43tPc3YE/PLnLRNZoFug0EcWkGQde/miQ==
  dependencies:
    tabbable "^5.2.1"

focus-visible@5.2.0:
  version "5.2.0"
  resolved "https://registry.yarnpkg.com/focus-visible/-/focus-visible-5.2.0.tgz#3a9e41fccf587bd25dcc2ef045508284f0a4d6b3"
  integrity sha512-Rwix9pBtC1Nuy5wysTmKy+UjbDJpIfg8eHjw0rjZ1mX4GNLz1Bmd16uDpI3Gk1i70Fgcs8Csg2lPm8HULFg9DQ==

fundamental-styles@0.21.0-rc.31:
  version "0.21.0-rc.31"
  resolved "https://registry.yarnpkg.com/fundamental-styles/-/fundamental-styles-0.21.0-rc.31.tgz#456f732334b0bdd8957dbdc8ec7f83b3ee49bbda"
  integrity sha512-TFUkea+YJ+NSh0KgMIawLkU71e2jJMRrH9WiJpPSbzE+4Yx+qTR7C+QjXTvDj9YM6HeHNBx7RVRm9+PEf9G2/w==

fundamental-styles@v0.21.0-rc.92:
  version "0.21.0-rc.92"
  resolved "https://registry.yarnpkg.com/fundamental-styles/-/fundamental-styles-0.21.0-rc.92.tgz#60efe7e05ba4b806ada4a07a16da59bf5cd8dfad"
  integrity sha512-l3BMFvIrIHFNxly4r6O0FvB78vUDLGFJtGN+ZGthhqIXSAVU9BDrKgV0CizDpQAzUywqk/mE95gXZGxALGM2YA==

lodash-es@4.17.21:
  version "4.17.21"
  resolved "https://registry.yarnpkg.com/lodash-es/-/lodash-es-4.17.21.tgz#43e626c46e6591b7750beb2b50117390c609e3ee"
  integrity sha512-mKnC+QJ9pWVzv+C4/U3rRsHapFfHvQFoFB92e52xeyGMcX6/OlIl78je1u8vePzYZSkkogMPJ2yjxxsb89cxyw==

parse5@^5.0.0:
  version "5.1.1"
  resolved "https://registry.yarnpkg.com/parse5/-/parse5-5.1.1.tgz#f68e4e5ba1852ac2cadc00f4555fff6c2abb6178"
  integrity sha512-ugq4DFI0Ptb+WWjAdOK16+u/nHfiIrcE+sh8kZMaM0WllQKLI9rOUq6c2b7cwPkXdzfQESqvoqK6ug7U/Yyzug==

tabbable@^5.2.1:
  version "5.3.1"
  resolved "https://registry.yarnpkg.com/tabbable/-/tabbable-5.3.1.tgz#059f2a19b829efce2a0ec05785a47dd3bcd0a25b"
  integrity sha512-NtO7I7eoAHR+JwwcNsi/PipamtAEebYDnur/k9wM6n238HHy/+1O4+7Zx7e/JaDAbKJPlIFYsfsV/6tPqTOQvg==

tslib@^2.0.0, tslib@^2.3.0:
  version "2.4.0"
  resolved "https://registry.yarnpkg.com/tslib/-/tslib-2.4.0.tgz#7cecaa7f073ce680a05847aa77be941098f36dc3"
  integrity sha512-d6xOpEDfsi2CZVlPQzGeux8XMwLT9hssAsaPYExaQMuYskwb+x1x7J371tWlbBdWHroy99KnVB6qIkUbs5X3UQ==
